
Microsoft Visual Studio Solution File, Format Version 12.00
# Visual Studio Version 16
VisualStudioVersion = 16.0.31005.135
MinimumVisualStudioVersion = 10.0.40219.1
Project("{FAE04EC0-301F-11D3-BF4B-00C04F79EFBC}") = "IndiaMart_CSV", "IndiaMart_CSV\IndiaMart_CSV.csproj", "{21F985C6-A7A8-4D61-B78A-7D45E6ED239E}"
EndProject
Global
	GlobalSection(SolutionConfigurationPlatforms) = preSolution
		Debug|Any CPU = Debug|Any CPU
		Release|Any CPU = Release|Any CPU
	EndGlobalSection
	GlobalSection(ProjectConfigurationPlatforms) = postSolution
		{21F985C6-A7A8-4D61-B78A-7D45E6ED239E}.Debug|Any CPU.ActiveCfg = Debug|Any CPU
		{21F985C6-A7A8-4D61-B78A-7D45E6ED239E}.Debug|Any CPU.Build.0 = Debug|Any CPU
		{21F985C6-A7A8-4D61-B78A-7D45E6ED239E}.Release|Any CPU.ActiveCfg = Release|Any CPU
		{21F985C6-A7A8-4D61-B78A-7D45E6ED239E}.Release|Any CPU.Build.0 = Release|Any CPU
	EndGlobalSection
	GlobalSection(SolutionProperties) = preSolution
		HideSolutionNode = FALSE
	EndGlobalSection
	GlobalSection(ExtensibilityGlobals) = postSolution
		SolutionGuid = {BEC7BEA6-4125-4627-8B48-AE267E8685CE}
	EndGlobalSection
EndGlobal
